
Microsoft Visual Studio Solution File, Format Version 12.00
# Visual Studio 14
VisualStudioVersion = 14.0.25420.1
MinimumVisualStudioVersion = 10.0.40219.1
Project("{FAE04EC0-301F-11D3-BF4B-00C04F79EFBC}") = "TataApp.Android", "TataApp\TataApp.Android\TataApp.Android.csproj", "{5B9B4F20-5A35-4C2D-BFAB-FE07F9698FD3}"
EndProject
Project("{FAE04EC0-301F-11D3-BF4B-00C04F79EFBC}") = "TataApp", "TataApp\TataApp\TataApp.csproj", "{DAD6AD9D-B7F5-428B-8518-EC89C5D75DF7}"
EndProject
Project("{FAE04EC0-301F-11D3-BF4B-00C04F79EFBC}") = "TataApp.iOS", "TataApp\TataApp.iOS\TataApp.iOS.csproj", "{7F911701-2DD5-4632-8DBB-97CF311A9AF9}"
EndProject
Project("{FAE04EC0-301F-11D3-BF4B-00C04F79EFBC}") = "TataApp.Backend", "TataApp.Backend\TataApp.Backend.csproj", "{C28360F9-9F50-4728-A1C9-564B0CF841D9}"
EndProject
Project("{FAE04EC0-301F-11D3-BF4B-00C04F79EFBC}") = "TataApp.API", "TataApp.API\TataApp.API.csproj", "{44960BE5-5457-4773-AF79-1B897B0E9BA7}"
EndProject
Project("{FAE04EC0-301F-11D3-BF4B-00C04F79EFBC}") = "TataApp.Domain", "TataApp.Domain\TataApp.Domain.csproj", "{63E81EC7-6A4F-408F-BBB8-27625594CCAF}"
EndProject
Global
	GlobalSection(SolutionConfigurationPlatforms) = preSolution
		Ad-Hoc|Any CPU = Ad-Hoc|Any CPU
		Ad-Hoc|ARM = Ad-Hoc|ARM
		Ad-Hoc|iPhone = Ad-Hoc|iPhone
		Ad-Hoc|iPhoneSimulator = Ad-Hoc|iPhoneSimulator
		Ad-Hoc|x64 = Ad-Hoc|x64
		Ad-Hoc|x86 = Ad-Hoc|x86
		AppStore|Any CPU = AppStore|Any CPU
		AppStore|ARM = AppStore|ARM
		AppStore|iPhone = AppStore|iPhone
		AppStore|iPhoneSimulator = AppStore|iPhoneSimulator
		AppStore|x64 = AppStore|x64
		AppStore|x86 = AppStore|x86
		Debug|Any CPU = Debug|Any CPU
		Debug|ARM = Debug|ARM
		Debug|iPhone = Debug|iPhone
		Debug|iPhoneSimulator = Debug|iPhoneSimulator
		Debug|x64 = Debug|x64
		Debug|x86 = Debug|x86
		Release|Any CPU = Release|Any CPU
		Release|ARM = Release|ARM
		Release|iPhone = Release|iPhone
		Release|iPhoneSimulator = Release|iPhoneSimulator
		Release|x64 = Release|x64
		Release|x86 = Release|x86
	EndGlobalSection
	GlobalSection(ProjectConfigurationPlatforms) = postSolution
		{5B9B4F20-5A35-4C2D-BFAB-FE07F9698FD3}.Ad-Hoc|Any CPU.ActiveCfg = Release|Any CPU
		{5B9B4F20-5A35-4C2D-BFAB-FE07F9698FD3}.Ad-Hoc|Any CPU.Build.0 = Release|Any CPU
		{5B9B4F20-5A35-4C2D-BFAB-FE07F9698FD3}.Ad-Hoc|Any CPU.Deploy.0 = Release|Any CPU
		{5B9B4F20-5A35-4C2D-BFAB-FE07F9698FD3}.Ad-Hoc|ARM.ActiveCfg = Release|Any CPU
		{5B9B4F20-5A35-4C2D-BFAB-FE07F9698FD3}.Ad-Hoc|ARM.Build.0 = Release|Any CPU
		{5B9B4F20-5A35-4C2D-BFAB-FE07F9698FD3}.Ad-Hoc|ARM.Deploy.0 = Release|Any CPU
		{5B9B4F20-5A35-4C2D-BFAB-FE07F9698FD3}.Ad-Hoc|iPhone.ActiveCfg = Release|Any CPU
		{5B9B4F20-5A35-4C2D-BFAB-FE07F9698FD3}.Ad-Hoc|iPhone.Build.0 = Release|Any CPU
		{5B9B4F20-5A35-4C2D-BFAB-FE07F9698FD3}.Ad-Hoc|iPhone.Deploy.0 = Release|Any CPU
		{5B9B4F20-5A35-4C2D-BFAB-FE07F9698FD3}.Ad-Hoc|iPhoneSimulator.ActiveCfg = Release|Any CPU
		{5B9B4F20-5A35-4C2D-BFAB-FE07F9698FD3}.Ad-Hoc|iPhoneSimulator.Build.0 = Release|Any CPU
		{5B9B4F20-5A35-4C2D-BFAB-FE07F9698FD3}.Ad-Hoc|iPhoneSimulator.Deploy.0 = Release|Any CPU
		{5B9B4F20-5A35-4C2D-BFAB-FE07F9698FD3}.Ad-Hoc|x64.ActiveCfg = Release|Any CPU
		{5B9B4F20-5A35-4C2D-BFAB-FE07F9698FD3}.Ad-Hoc|x64.Build.0 = Release|Any CPU
		{5B9B4F20-5A35-4C2D-BFAB-FE07F9698FD3}.Ad-Hoc|x64.Deploy.0 = Release|Any CPU
		{5B9B4F20-5A35-4C2D-BFAB-FE07F9698FD3}.Ad-Hoc|x86.ActiveCfg = Release|Any CPU
		{5B9B4F20-5A35-4C2D-BFAB-FE07F9698FD3}.Ad-Hoc|x86.Build.0 = Release|Any CPU
		{5B9B4F20-5A35-4C2D-BFAB-FE07F9698FD3}.Ad-Hoc|x86.Deploy.0 = Release|Any CPU
		{5B9B4F20-5A35-4C2D-BFAB-FE07F9698FD3}.AppStore|Any CPU.ActiveCfg = Release|Any CPU
		{5B9B4F20-5A35-4C2D-BFAB-FE07F9698FD3}.AppStore|Any CPU.Build.0 = Release|Any CPU
		{5B9B4F20-5A35-4C2D-BFAB-FE07F9698FD3}.AppStore|Any CPU.Deploy.0 = Release|Any CPU
		{5B9B4F20-5A35-4C2D-BFAB-FE07F9698FD3}.AppStore|ARM.ActiveCfg = Release|Any CPU
		{5B9B4F20-5A35-4C2D-BFAB-FE07F9698FD3}.AppStore|ARM.Build.0 = Release|Any CPU
		{5B9B4F20-5A35-4C2D-BFAB-FE07F9698FD3}.AppStore|ARM.Deploy.0 = Release|Any CPU
		{5B9B4F20-5A35-4C2D-BFAB-FE07F9698FD3}.AppStore|iPhone.ActiveCfg = Release|Any CPU
		{5B9B4F20-5A35-4C2D-BFAB-FE07F9698FD3}.AppStore|iPhone.Build.0 = Release|Any CPU
		{5B9B4F20-5A35-4C2D-BFAB-FE07F9698FD3}.AppStore|iPhone.Deploy.0 = Release|Any CPU
		{5B9B4F20-5A35-4C2D-BFAB-FE07F9698FD3}.AppStore|iPhoneSimulator.ActiveCfg = Release|Any CPU
		{5B9B4F20-5A35-4C2D-BFAB-FE07F9698FD3}.AppStore|iPhoneSimulator.Build.0 = Release|Any CPU
		{5B9B4F20-5A35-4C2D-BFAB-FE07F9698FD3}.AppStore|iPhoneSimulator.Deploy.0 = Release|Any CPU
		{5B9B4F20-5A35-4C2D-BFAB-FE07F9698FD3}.AppStore|x64.ActiveCfg = Release|Any CPU
		{5B9B4F20-5A35-4C2D-BFAB-FE07F9698FD3}.AppStore|x64.Build.0 = Release|Any CPU
		{5B9B4F20-5A35-4C2D-BFAB-FE07F9698FD3}.AppStore|x64.Deploy.0 = Release|Any CPU
		{5B9B4F20-5A35-4C2D-BFAB-FE07F9698FD3}.AppStore|x86.ActiveCfg = Release|Any CPU
		{5B9B4F20-5A35-4C2D-BFAB-FE07F9698FD3}.AppStore|x86.Build.0 = Release|Any CPU
		{5B9B4F20-5A35-4C2D-BFAB-FE07F9698FD3}.AppStore|x86.Deploy.0 = Release|Any CPU
		{5B9B4F20-5A35-4C2D-BFAB-FE07F9698FD3}.Debug|Any CPU.ActiveCfg = Debug|Any CPU
		{5B9B4F20-5A35-4C2D-BFAB-FE07F9698FD3}.Debug|Any CPU.Build.0 = Debug|Any CPU
		{5B9B4F20-5A35-4C2D-BFAB-FE07F9698FD3}.Debug|Any CPU.Deploy.0 = Debug|Any CPU
		{5B9B4F20-5A35-4C2D-BFAB-FE07F9698FD3}.Debug|ARM.ActiveCfg = Debug|Any CPU
		{5B9B4F20-5A35-4C2D-BFAB-FE07F9698FD3}.Debug|ARM.Build.0 = Debug|Any CPU
		{5B9B4F20-5A35-4C2D-BFAB-FE07F9698FD3}.Debug|ARM.Deploy.0 = Debug|Any CPU
		{5B9B4F20-5A35-4C2D-BFAB-FE07F9698FD3}.Debug|iPhone.ActiveCfg = Debug|Any CPU
		{5B9B4F20-5A35-4C2D-BFAB-FE07F9698FD3}.Debug|iPhone.Build.0 = Debug|Any CPU
		{5B9B4F20-5A35-4C2D-BFAB-FE07F9698FD3}.Debug|iPhone.Deploy.0 = Debug|Any CPU
		{5B9B4F20-5A35-4C2D-BFAB-FE07F9698FD3}.Debug|iPhoneSimulator.ActiveCfg = Debug|Any CPU
		{5B9B4F20-5A35-4C2D-BFAB-FE07F9698FD3}.Debug|iPhoneSimulator.Build.0 = Debug|Any CPU
		{5B9B4F20-5A35-4C2D-BFAB-FE07F9698FD3}.Debug|iPhoneSimulator.Deploy.0 = Debug|Any CPU
		{5B9B4F20-5A35-4C2D-BFAB-FE07F9698FD3}.Debug|x64.ActiveCfg = Debug|Any CPU
		{5B9B4F20-5A35-4C2D-BFAB-FE07F9698FD3}.Debug|x64.Build.0 = Debug|Any CPU
		{5B9B4F20-5A35-4C2D-BFAB-FE07F9698FD3}.Debug|x64.Deploy.0 = Debug|Any CPU
		{5B9B4F20-5A35-4C2D-BFAB-FE07F9698FD3}.Debug|x86.ActiveCfg = Debug|Any CPU
		{5B9B4F20-5A35-4C2D-BFAB-FE07F9698FD3}.Debug|x86.Build.0 = Debug|Any CPU
		{5B9B4F20-5A35-4C2D-BFAB-FE07F9698FD3}.Debug|x86.Deploy.0 = Debug|Any CPU
		{5B9B4F20-5A35-4C2D-BFAB-FE07F9698FD3}.Release|Any CPU.ActiveCfg = Release|Any CPU
		{5B9B4F20-5A35-4C2D-BFAB-FE07F9698FD3}.Release|Any CPU.Build.0 = Release|Any CPU
		{5B9B4F20-5A35-4C2D-BFAB-FE07F9698FD3}.Release|Any CPU.Deploy.0 = Release|Any CPU
		{5B9B4F20-5A35-4C2D-BFAB-FE07F9698FD3}.Release|ARM.ActiveCfg = Release|Any CPU
		{5B9B4F20-5A35-4C2D-BFAB-FE07F9698FD3}.Release|ARM.Build.0 = Release|Any CPU
		{5B9B4F20-5A35-4C2D-BFAB-FE07F9698FD3}.Release|ARM.Deploy.0 = Release|Any CPU
		{5B9B4F20-5A35-4C2D-BFAB-FE07F9698FD3}.Release|iPhone.ActiveCfg = Release|Any CPU
		{5B9B4F20-5A35-4C2D-BFAB-FE07F9698FD3}.Release|iPhone.Build.0 = Release|Any CPU
		{5B9B4F20-5A35-4C2D-BFAB-FE07F9698FD3}.Release|iPhone.Deploy.0 = Release|Any CPU
		{5B9B4F20-5A35-4C2D-BFAB-FE07F9698FD3}.Release|iPhoneSimulator.ActiveCfg = Release|Any CPU
		{5B9B4F20-5A35-4C2D-BFAB-FE07F9698FD3}.Release|iPhoneSimulator.Build.0 = Release|Any CPU
		{5B9B4F20-5A35-4C2D-BFAB-FE07F9698FD3}.Release|iPhoneSimulator.Deploy.0 = Release|Any CPU
		{5B9B4F20-5A35-4C2D-BFAB-FE07F9698FD3}.Release|x64.ActiveCfg = Release|Any CPU
		{5B9B4F20-5A35-4C2D-BFAB-FE07F9698FD3}.Release|x64.Build.0 = Release|Any CPU
		{5B9B4F20-5A35-4C2D-BFAB-FE07F9698FD3}.Release|x64.Deploy.0 = Release|Any CPU
		{5B9B4F20-5A35-4C2D-BFAB-FE07F9698FD3}.Release|x86.ActiveCfg = Release|Any CPU
		{5B9B4F20-5A35-4C2D-BFAB-FE07F9698FD3}.Release|x86.Build.0 = Release|Any CPU
		{5B9B4F20-5A35-4C2D-BFAB-FE07F9698FD3}.Release|x86.Deploy.0 = Release|Any CPU
		{DAD6AD9D-B7F5-428B-8518-EC89C5D75DF7}.Ad-Hoc|Any CPU.ActiveCfg = Release|Any CPU
		{DAD6AD9D-B7F5-428B-8518-EC89C5D75DF7}.Ad-Hoc|Any CPU.Build.0 = Release|Any CPU
		{DAD6AD9D-B7F5-428B-8518-EC89C5D75DF7}.Ad-Hoc|ARM.ActiveCfg = Release|Any CPU
		{DAD6AD9D-B7F5-428B-8518-EC89C5D75DF7}.Ad-Hoc|ARM.Build.0 = Release|Any CPU
		{DAD6AD9D-B7F5-428B-8518-EC89C5D75DF7}.Ad-Hoc|iPhone.ActiveCfg = Release|Any CPU
		{DAD6AD9D-B7F5-428B-8518-EC89C5D75DF7}.Ad-Hoc|iPhone.Build.0 = Release|Any CPU
		{DAD6AD9D-B7F5-428B-8518-EC89C5D75DF7}.Ad-Hoc|iPhoneSimulator.ActiveCfg = Release|Any CPU
		{DAD6AD9D-B7F5-428B-8518-EC89C5D75DF7}.Ad-Hoc|iPhoneSimulator.Build.0 = Release|Any CPU
		{DAD6AD9D-B7F5-428B-8518-EC89C5D75DF7}.Ad-Hoc|x64.ActiveCfg = Release|Any CPU
		{DAD6AD9D-B7F5-428B-8518-EC89C5D75DF7}.Ad-Hoc|x64.Build.0 = Release|Any CPU
		{DAD6AD9D-B7F5-428B-8518-EC89C5D75DF7}.Ad-Hoc|x86.ActiveCfg = Release|Any CPU
		{DAD6AD9D-B7F5-428B-8518-EC89C5D75DF7}.Ad-Hoc|x86.Build.0 = Release|Any CPU
		{DAD6AD9D-B7F5-428B-8518-EC89C5D75DF7}.AppStore|Any CPU.ActiveCfg = Release|Any CPU
		{DAD6AD9D-B7F5-428B-8518-EC89C5D75DF7}.AppStore|Any CPU.Build.0 = Release|Any CPU
		{DAD6AD9D-B7F5-428B-8518-EC89C5D75DF7}.AppStore|ARM.ActiveCfg = Release|Any CPU
		{DAD6AD9D-B7F5-428B-8518-EC89C5D75DF7}.AppStore|ARM.Build.0 = Release|Any CPU
		{DAD6AD9D-B7F5-428B-8518-EC89C5D75DF7}.AppStore|iPhone.ActiveCfg = Release|Any CPU
		{DAD6AD9D-B7F5-428B-8518-EC89C5D75DF7}.AppStore|iPhone.Build.0 = Release|Any CPU
		{DAD6AD9D-B7F5-428B-8518-EC89C5D75DF7}.AppStore|iPhoneSimulator.ActiveCfg = Release|Any CPU
		{DAD6AD9D-B7F5-428B-8518-EC89C5D75DF7}.AppStore|iPhoneSimulator.Build.0 = Release|Any CPU
		{DAD6AD9D-B7F5-428B-8518-EC89C5D75DF7}.AppStore|x64.ActiveCfg = Release|Any CPU
		{DAD6AD9D-B7F5-428B-8518-EC89C5D75DF7}.AppStore|x64.Build.0 = Release|Any CPU
		{DAD6AD9D-B7F5-428B-8518-EC89C5D75DF7}.AppStore|x86.ActiveCfg = Release|Any CPU
		{DAD6AD9D-B7F5-428B-8518-EC89C5D75DF7}.AppStore|x86.Build.0 = Release|Any CPU
		{DAD6AD9D-B7F5-428B-8518-EC89C5D75DF7}.Debug|Any CPU.ActiveCfg = Debug|Any CPU
		{DAD6AD9D-B7F5-428B-8518-EC89C5D75DF7}.Debug|Any CPU.Build.0 = Debug|Any CPU
		{DAD6AD9D-B7F5-428B-8518-EC89C5D75DF7}.Debug|ARM.ActiveCfg = Debug|Any CPU
		{DAD6AD9D-B7F5-428B-8518-EC89C5D75DF7}.Debug|ARM.Build.0 = Debug|Any CPU
		{DAD6AD9D-B7F5-428B-8518-EC89C5D75DF7}.Debug|iPhone.ActiveCfg = Debug|Any CPU
		{DAD6AD9D-B7F5-428B-8518-EC89C5D75DF7}.Debug|iPhone.Build.0 = Debug|Any CPU
		{DAD6AD9D-B7F5-428B-8518-EC89C5D75DF7}.Debug|iPhoneSimulator.ActiveCfg = Debug|Any CPU
		{DAD6AD9D-B7F5-428B-8518-EC89C5D75DF7}.Debug|iPhoneSimulator.Build.0 = Debug|Any CPU
		{DAD6AD9D-B7F5-428B-8518-EC89C5D75DF7}.Debug|x64.ActiveCfg = Debug|Any CPU
		{DAD6AD9D-B7F5-428B-8518-EC89C5D75DF7}.Debug|x64.Build.0 = Debug|Any CPU
		{DAD6AD9D-B7F5-428B-8518-EC89C5D75DF7}.Debug|x86.ActiveCfg = Debug|Any CPU
		{DAD6AD9D-B7F5-428B-8518-EC89C5D75DF7}.Debug|x86.Build.0 = Debug|Any CPU
		{DAD6AD9D-B7F5-428B-8518-EC89C5D75DF7}.Release|Any CPU.ActiveCfg = Release|Any CPU
		{DAD6AD9D-B7F5-428B-8518-EC89C5D75DF7}.Release|Any CPU.Build.0 = Release|Any CPU
		{DAD6AD9D-B7F5-428B-8518-EC89C5D75DF7}.Release|ARM.ActiveCfg = Release|Any CPU
		{DAD6AD9D-B7F5-428B-8518-EC89C5D75DF7}.Release|ARM.Build.0 = Release|Any CPU
		{DAD6AD9D-B7F5-428B-8518-EC89C5D75DF7}.Release|iPhone.ActiveCfg = Release|Any CPU
		{DAD6AD9D-B7F5-428B-8518-EC89C5D75DF7}.Release|iPhone.Build.0 = Release|Any CPU
		{DAD6AD9D-B7F5-428B-8518-EC89C5D75DF7}.Release|iPhoneSimulator.ActiveCfg = Release|Any CPU
		{DAD6AD9D-B7F5-428B-8518-EC89C5D75DF7}.Release|iPhoneSimulator.Build.0 = Release|Any CPU
		{DAD6AD9D-B7F5-428B-8518-EC89C5D75DF7}.Release|x64.ActiveCfg = Release|Any CPU
		{DAD6AD9D-B7F5-428B-8518-EC89C5D75DF7}.Release|x64.Build.0 = Release|Any CPU
		{DAD6AD9D-B7F5-428B-8518-EC89C5D75DF7}.Release|x86.ActiveCfg = Release|Any CPU
		{DAD6AD9D-B7F5-428B-8518-EC89C5D75DF7}.Release|x86.Build.0 = Release|Any CPU
		{7F911701-2DD5-4632-8DBB-97CF311A9AF9}.Ad-Hoc|Any CPU.ActiveCfg = Ad-Hoc|iPhone
		{7F911701-2DD5-4632-8DBB-97CF311A9AF9}.Ad-Hoc|ARM.ActiveCfg = Ad-Hoc|iPhone
		{7F911701-2DD5-4632-8DBB-97CF311A9AF9}.Ad-Hoc|iPhone.ActiveCfg = Ad-Hoc|iPhone
		{7F911701-2DD5-4632-8DBB-97CF311A9AF9}.Ad-Hoc|iPhone.Build.0 = Ad-Hoc|iPhone
		{7F911701-2DD5-4632-8DBB-97CF311A9AF9}.Ad-Hoc|iPhoneSimulator.ActiveCfg = Ad-Hoc|iPhoneSimulator
		{7F911701-2DD5-4632-8DBB-97CF311A9AF9}.Ad-Hoc|iPhoneSimulator.Build.0 = Ad-Hoc|iPhoneSimulator
		{7F911701-2DD5-4632-8DBB-97CF311A9AF9}.Ad-Hoc|x64.ActiveCfg = Ad-Hoc|iPhone
		{7F911701-2DD5-4632-8DBB-97CF311A9AF9}.Ad-Hoc|x86.ActiveCfg = Ad-Hoc|iPhone
		{7F911701-2DD5-4632-8DBB-97CF311A9AF9}.AppStore|Any CPU.ActiveCfg = AppStore|iPhone
		{7F911701-2DD5-4632-8DBB-97CF311A9AF9}.AppStore|ARM.ActiveCfg = AppStore|iPhone
		{7F911701-2DD5-4632-8DBB-97CF311A9AF9}.AppStore|iPhone.ActiveCfg = AppStore|iPhone
		{7F911701-2DD5-4632-8DBB-97CF311A9AF9}.AppStore|iPhone.Build.0 = AppStore|iPhone
		{7F911701-2DD5-4632-8DBB-97CF311A9AF9}.AppStore|iPhoneSimulator.ActiveCfg = AppStore|iPhoneSimulator
		{7F911701-2DD5-4632-8DBB-97CF311A9AF9}.AppStore|iPhoneSimulator.Build.0 = AppStore|iPhoneSimulator
		{7F911701-2DD5-4632-8DBB-97CF311A9AF9}.AppStore|x64.ActiveCfg = AppStore|iPhone
		{7F911701-2DD5-4632-8DBB-97CF311A9AF9}.AppStore|x86.ActiveCfg = AppStore|iPhone
		{7F911701-2DD5-4632-8DBB-97CF311A9AF9}.Debug|Any CPU.ActiveCfg = Debug|iPhone
		{7F911701-2DD5-4632-8DBB-97CF311A9AF9}.Debug|ARM.ActiveCfg = Debug|iPhone
		{7F911701-2DD5-4632-8DBB-97CF311A9AF9}.Debug|iPhone.ActiveCfg = Debug|iPhone
		{7F911701-2DD5-4632-8DBB-97CF311A9AF9}.Debug|iPhone.Build.0 = Debug|iPhone
		{7F911701-2DD5-4632-8DBB-97CF311A9AF9}.Debug|iPhoneSimulator.ActiveCfg = Debug|iPhoneSimulator
		{7F911701-2DD5-4632-8DBB-97CF311A9AF9}.Debug|iPhoneSimulator.Build.0 = Debug|iPhoneSimulator
		{7F911701-2DD5-4632-8DBB-97CF311A9AF9}.Debug|x64.ActiveCfg = Debug|iPhone
		{7F911701-2DD5-4632-8DBB-97CF311A9AF9}.Debug|x86.ActiveCfg = Debug|iPhone
		{7F911701-2DD5-4632-8DBB-97CF311A9AF9}.Release|Any CPU.ActiveCfg = Release|iPhone
		{7F911701-2DD5-4632-8DBB-97CF311A9AF9}.Release|ARM.ActiveCfg = Release|iPhone
		{7F911701-2DD5-4632-8DBB-97CF311A9AF9}.Release|iPhone.ActiveCfg = Release|iPhone
		{7F911701-2DD5-4632-8DBB-97CF311A9AF9}.Release|iPhone.Build.0 = Release|iPhone
		{7F911701-2DD5-4632-8DBB-97CF311A9AF9}.Release|iPhoneSimulator.ActiveCfg = Release|iPhoneSimulator
		{7F911701-2DD5-4632-8DBB-97CF311A9AF9}.Release|iPhoneSimulator.Build.0 = Release|iPhoneSimulator
		{7F911701-2DD5-4632-8DBB-97CF311A9AF9}.Release|x64.ActiveCfg = Release|iPhone
		{7F911701-2DD5-4632-8DBB-97CF311A9AF9}.Release|x86.ActiveCfg = Release|iPhone
		{C28360F9-9F50-4728-A1C9-564B0CF841D9}.Ad-Hoc|Any CPU.ActiveCfg = Release|Any CPU
		{C28360F9-9F50-4728-A1C9-564B0CF841D9}.Ad-Hoc|Any CPU.Build.0 = Release|Any CPU
		{C28360F9-9F50-4728-A1C9-564B0CF841D9}.Ad-Hoc|ARM.ActiveCfg = Release|Any CPU
		{C28360F9-9F50-4728-A1C9-564B0CF841D9}.Ad-Hoc|ARM.Build.0 = Release|Any CPU
		{C28360F9-9F50-4728-A1C9-564B0CF841D9}.Ad-Hoc|iPhone.ActiveCfg = Release|Any CPU
		{C28360F9-9F50-4728-A1C9-564B0CF841D9}.Ad-Hoc|iPhone.Build.0 = Release|Any CPU
		{C28360F9-9F50-4728-A1C9-564B0CF841D9}.Ad-Hoc|iPhoneSimulator.ActiveCfg = Release|Any CPU
		{C28360F9-9F50-4728-A1C9-564B0CF841D9}.Ad-Hoc|iPhoneSimulator.Build.0 = Release|Any CPU
		{C28360F9-9F50-4728-A1C9-564B0CF841D9}.Ad-Hoc|x64.ActiveCfg = Release|Any CPU
		{C28360F9-9F50-4728-A1C9-564B0CF841D9}.Ad-Hoc|x64.Build.0 = Release|Any CPU
		{C28360F9-9F50-4728-A1C9-564B0CF841D9}.Ad-Hoc|x86.ActiveCfg = Release|Any CPU
		{C28360F9-9F50-4728-A1C9-564B0CF841D9}.Ad-Hoc|x86.Build.0 = Release|Any CPU
		{C28360F9-9F50-4728-A1C9-564B0CF841D9}.AppStore|Any CPU.ActiveCfg = Release|Any CPU
		{C28360F9-9F50-4728-A1C9-564B0CF841D9}.AppStore|Any CPU.Build.0 = Release|Any CPU
		{C28360F9-9F50-4728-A1C9-564B0CF841D9}.AppStore|ARM.ActiveCfg = Release|Any CPU
		{C28360F9-9F50-4728-A1C9-564B0CF841D9}.AppStore|ARM.Build.0 = Release|Any CPU
		{C28360F9-9F50-4728-A1C9-564B0CF841D9}.AppStore|iPhone.ActiveCfg = Release|Any CPU
		{C28360F9-9F50-4728-A1C9-564B0CF841D9}.AppStore|iPhone.Build.0 = Release|Any CPU
		{C28360F9-9F50-4728-A1C9-564B0CF841D9}.AppStore|iPhoneSimulator.ActiveCfg = Release|Any CPU
		{C28360F9-9F50-4728-A1C9-564B0CF841D9}.AppStore|iPhoneSimulator.Build.0 = Release|Any CPU
		{C28360F9-9F50-4728-A1C9-564B0CF841D9}.AppStore|x64.ActiveCfg = Release|Any CPU
		{C28360F9-9F50-4728-A1C9-564B0CF841D9}.AppStore|x64.Build.0 = Release|Any CPU
		{C28360F9-9F50-4728-A1C9-564B0CF841D9}.AppStore|x86.ActiveCfg = Release|Any CPU
		{C28360F9-9F50-4728-A1C9-564B0CF841D9}.AppStore|x86.Build.0 = Release|Any CPU
		{C28360F9-9F50-4728-A1C9-564B0CF841D9}.Debug|Any CPU.ActiveCfg = Debug|Any CPU
		{C28360F9-9F50-4728-A1C9-564B0CF841D9}.Debug|Any CPU.Build.0 = Debug|Any CPU
		{C28360F9-9F50-4728-A1C9-564B0CF841D9}.Debug|ARM.ActiveCfg = Debug|Any CPU
		{C28360F9-9F50-4728-A1C9-564B0CF841D9}.Debug|ARM.Build.0 = Debug|Any CPU
		{C28360F9-9F50-4728-A1C9-564B0CF841D9}.Debug|iPhone.ActiveCfg = Debug|Any CPU
		{C28360F9-9F50-4728-A1C9-564B0CF841D9}.Debug|iPhone.Build.0 = Debug|Any CPU
		{C28360F9-9F50-4728-A1C9-564B0CF841D9}.Debug|iPhoneSimulator.ActiveCfg = Debug|Any CPU
		{C28360F9-9F50-4728-A1C9-564B0CF841D9}.Debug|iPhoneSimulator.Build.0 = Debug|Any CPU
		{C28360F9-9F50-4728-A1C9-564B0CF841D9}.Debug|x64.ActiveCfg = Debug|Any CPU
		{C28360F9-9F50-4728-A1C9-564B0CF841D9}.Debug|x64.Build.0 = Debug|Any CPU
		{C28360F9-9F50-4728-A1C9-564B0CF841D9}.Debug|x86.ActiveCfg = Debug|Any CPU
		{C28360F9-9F50-4728-A1C9-564B0CF841D9}.Debug|x86.Build.0 = Debug|Any CPU
		{C28360F9-9F50-4728-A1C9-564B0CF841D9}.Release|Any CPU.ActiveCfg = Release|Any CPU
		{C28360F9-9F50-4728-A1C9-564B0CF841D9}.Release|Any CPU.Build.0 = Release|Any CPU
		{C28360F9-9F50-4728-A1C9-564B0CF841D9}.Release|ARM.ActiveCfg = Release|Any CPU
		{C28360F9-9F50-4728-A1C9-564B0CF841D9}.Release|ARM.Build.0 = Release|Any CPU
		{C28360F9-9F50-4728-A1C9-564B0CF841D9}.Release|iPhone.ActiveCfg = Release|Any CPU
		{C28360F9-9F50-4728-A1C9-564B0CF841D9}.Release|iPhone.Build.0 = Release|Any CPU
		{C28360F9-9F50-4728-A1C9-564B0CF841D9}.Release|iPhoneSimulator.ActiveCfg = Release|Any CPU
		{C28360F9-9F50-4728-A1C9-564B0CF841D9}.Release|iPhoneSimulator.Build.0 = Release|Any CPU
		{C28360F9-9F50-4728-A1C9-564B0CF841D9}.Release|x64.ActiveCfg = Release|Any CPU
		{C28360F9-9F50-4728-A1C9-564B0CF841D9}.Release|x64.Build.0 = Release|Any CPU
		{C28360F9-9F50-4728-A1C9-564B0CF841D9}.Release|x86.ActiveCfg = Release|Any CPU
		{C28360F9-9F50-4728-A1C9-564B0CF841D9}.Release|x86.Build.0 = Release|Any CPU
		{44960BE5-5457-4773-AF79-1B897B0E9BA7}.Ad-Hoc|Any CPU.ActiveCfg = Release|Any CPU
		{44960BE5-5457-4773-AF79-1B897B0E9BA7}.Ad-Hoc|Any CPU.Build.0 = Release|Any CPU
		{44960BE5-5457-4773-AF79-1B897B0E9BA7}.Ad-Hoc|ARM.ActiveCfg = Release|Any CPU
		{44960BE5-5457-4773-AF79-1B897B0E9BA7}.Ad-Hoc|ARM.Build.0 = Release|Any CPU
		{44960BE5-5457-4773-AF79-1B897B0E9BA7}.Ad-Hoc|iPhone.ActiveCfg = Release|Any CPU
		{44960BE5-5457-4773-AF79-1B897B0E9BA7}.Ad-Hoc|iPhone.Build.0 = Release|Any CPU
		{44960BE5-5457-4773-AF79-1B897B0E9BA7}.Ad-Hoc|iPhoneSimulator.ActiveCfg = Release|Any CPU
		{44960BE5-5457-4773-AF79-1B897B0E9BA7}.Ad-Hoc|iPhoneSimulator.Build.0 = Release|Any CPU
		{44960BE5-5457-4773-AF79-1B897B0E9BA7}.Ad-Hoc|x64.ActiveCfg = Release|Any CPU
		{44960BE5-5457-4773-AF79-1B897B0E9BA7}.Ad-Hoc|x64.Build.0 = Release|Any CPU
		{44960BE5-5457-4773-AF79-1B897B0E9BA7}.Ad-Hoc|x86.ActiveCfg = Release|Any CPU
		{44960BE5-5457-4773-AF79-1B897B0E9BA7}.Ad-Hoc|x86.Build.0 = Release|Any CPU
		{44960BE5-5457-4773-AF79-1B897B0E9BA7}.AppStore|Any CPU.ActiveCfg = Release|Any CPU
		{44960BE5-5457-4773-AF79-1B897B0E9BA7}.AppStore|Any CPU.Build.0 = Release|Any CPU
		{44960BE5-5457-4773-AF79-1B897B0E9BA7}.AppStore|ARM.ActiveCfg = Release|Any CPU
		{44960BE5-5457-4773-AF79-1B897B0E9BA7}.AppStore|ARM.Build.0 = Release|Any CPU
		{44960BE5-5457-4773-AF79-1B897B0E9BA7}.AppStore|iPhone.ActiveCfg = Release|Any CPU
		{44960BE5-5457-4773-AF79-1B897B0E9BA7}.AppStore|iPhone.Build.0 = Release|Any CPU
		{44960BE5-5457-4773-AF79-1B897B0E9BA7}.AppStore|iPhoneSimulator.ActiveCfg = Release|Any CPU
		{44960BE5-5457-4773-AF79-1B897B0E9BA7}.AppStore|iPhoneSimulator.Build.0 = Release|Any CPU
		{44960BE5-5457-4773-AF79-1B897B0E9BA7}.AppStore|x64.ActiveCfg = Release|Any CPU
		{44960BE5-5457-4773-AF79-1B897B0E9BA7}.AppStore|x64.Build.0 = Release|Any CPU
		{44960BE5-5457-4773-AF79-1B897B0E9BA7}.AppStore|x86.ActiveCfg = Release|Any CPU
		{44960BE5-5457-4773-AF79-1B897B0E9BA7}.AppStore|x86.Build.0 = Release|Any CPU
		{44960BE5-5457-4773-AF79-1B897B0E9BA7}.Debug|Any CPU.ActiveCfg = Debug|Any CPU
		{44960BE5-5457-4773-AF79-1B897B0E9BA7}.Debug|Any CPU.Build.0 = Debug|Any CPU
		{44960BE5-5457-4773-AF79-1B897B0E9BA7}.Debug|ARM.ActiveCfg = Debug|Any CPU
		{44960BE5-5457-4773-AF79-1B897B0E9BA7}.Debug|ARM.Build.0 = Debug|Any CPU
		{44960BE5-5457-4773-AF79-1B897B0E9BA7}.Debug|iPhone.ActiveCfg = Debug|Any CPU
		{44960BE5-5457-4773-AF79-1B897B0E9BA7}.Debug|iPhone.Build.0 = Debug|Any CPU
		{44960BE5-5457-4773-AF79-1B897B0E9BA7}.Debug|iPhoneSimulator.ActiveCfg = Debug|Any CPU
		{44960BE5-5457-4773-AF79-1B897B0E9BA7}.Debug|iPhoneSimulator.Build.0 = Debug|Any CPU
		{44960BE5-5457-4773-AF79-1B897B0E9BA7}.Debug|x64.ActiveCfg = Debug|Any CPU
		{44960BE5-5457-4773-AF79-1B897B0E9BA7}.Debug|x64.Build.0 = Debug|Any CPU
		{44960BE5-5457-4773-AF79-1B897B0E9BA7}.Debug|x86.ActiveCfg = Debug|Any CPU
		{44960BE5-5457-4773-AF79-1B897B0E9BA7}.Debug|x86.Build.0 = Debug|Any CPU
		{44960BE5-5457-4773-AF79-1B897B0E9BA7}.Release|Any CPU.ActiveCfg = Release|Any CPU
		{44960BE5-5457-4773-AF79-1B897B0E9BA7}.Release|Any CPU.Build.0 = Release|Any CPU
		{44960BE5-5457-4773-AF79-1B897B0E9BA7}.Release|ARM.ActiveCfg = Release|Any CPU
		{44960BE5-5457-4773-AF79-1B897B0E9BA7}.Release|ARM.Build.0 = Release|Any CPU
		{44960BE5-5457-4773-AF79-1B897B0E9BA7}.Release|iPhone.ActiveCfg = Release|Any CPU
		{44960BE5-5457-4773-AF79-1B897B0E9BA7}.Release|iPhone.Build.0 = Release|Any CPU
		{44960BE5-5457-4773-AF79-1B897B0E9BA7}.Release|iPhoneSimulator.ActiveCfg = Release|Any CPU
		{44960BE5-5457-4773-AF79-1B897B0E9BA7}.Release|iPhoneSimulator.Build.0 = Release|Any CPU
		{44960BE5-5457-4773-AF79-1B897B0E9BA7}.Release|x64.ActiveCfg = Release|Any CPU
		{44960BE5-5457-4773-AF79-1B897B0E9BA7}.Release|x64.Build.0 = Release|Any CPU
		{44960BE5-5457-4773-AF79-1B897B0E9BA7}.Release|x86.ActiveCfg = Release|Any CPU
		{44960BE5-5457-4773-AF79-1B897B0E9BA7}.Release|x86.Build.0 = Release|Any CPU
		{63E81EC7-6A4F-408F-BBB8-27625594CCAF}.Ad-Hoc|Any CPU.ActiveCfg = Release|Any CPU
		{63E81EC7-6A4F-408F-BBB8-27625594CCAF}.Ad-Hoc|Any CPU.Build.0 = Release|Any CPU
		{63E81EC7-6A4F-408F-BBB8-27625594CCAF}.Ad-Hoc|ARM.ActiveCfg = Release|Any CPU
		{63E81EC7-6A4F-408F-BBB8-27625594CCAF}.Ad-Hoc|ARM.Build.0 = Release|Any CPU
		{63E81EC7-6A4F-408F-BBB8-27625594CCAF}.Ad-Hoc|iPhone.ActiveCfg = Release|Any CPU
		{63E81EC7-6A4F-408F-BBB8-27625594CCAF}.Ad-Hoc|iPhone.Build.0 = Release|Any CPU
		{63E81EC7-6A4F-408F-BBB8-27625594CCAF}.Ad-Hoc|iPhoneSimulator.ActiveCfg = Release|Any CPU
		{63E81EC7-6A4F-408F-BBB8-27625594CCAF}.Ad-Hoc|iPhoneSimulator.Build.0 = Release|Any CPU
		{63E81EC7-6A4F-408F-BBB8-27625594CCAF}.Ad-Hoc|x64.ActiveCfg = Release|Any CPU
		{63E81EC7-6A4F-408F-BBB8-27625594CCAF}.Ad-Hoc|x64.Build.0 = Release|Any CPU
		{63E81EC7-6A4F-408F-BBB8-27625594CCAF}.Ad-Hoc|x86.ActiveCfg = Release|Any CPU
		{63E81EC7-6A4F-408F-BBB8-27625594CCAF}.Ad-Hoc|x86.Build.0 = Release|Any CPU
		{63E81EC7-6A4F-408F-BBB8-27625594CCAF}.AppStore|Any CPU.ActiveCfg = Release|Any CPU
		{63E81EC7-6A4F-408F-BBB8-27625594CCAF}.AppStore|Any CPU.Build.0 = Release|Any CPU
		{63E81EC7-6A4F-408F-BBB8-27625594CCAF}.AppStore|ARM.ActiveCfg = Release|Any CPU
		{63E81EC7-6A4F-408F-BBB8-27625594CCAF}.AppStore|ARM.Build.0 = Release|Any CPU
		{63E81EC7-6A4F-408F-BBB8-27625594CCAF}.AppStore|iPhone.ActiveCfg = Release|Any CPU
		{63E81EC7-6A4F-408F-BBB8-27625594CCAF}.AppStore|iPhone.Build.0 = Release|Any CPU
		{63E81EC7-6A4F-408F-BBB8-27625594CCAF}.AppStore|iPhoneSimulator.ActiveCfg = Release|Any CPU
		{63E81EC7-6A4F-408F-BBB8-27625594CCAF}.AppStore|iPhoneSimulator.Build.0 = Release|Any CPU
		{63E81EC7-6A4F-408F-BBB8-27625594CCAF}.AppStore|x64.ActiveCfg = Release|Any CPU
		{63E81EC7-6A4F-408F-BBB8-27625594CCAF}.AppStore|x64.Build.0 = Release|Any CPU
		{63E81EC7-6A4F-408F-BBB8-27625594CCAF}.AppStore|x86.ActiveCfg = Release|Any CPU
		{63E81EC7-6A4F-408F-BBB8-27625594CCAF}.AppStore|x86.Build.0 = Release|Any CPU
		{63E81EC7-6A4F-408F-BBB8-27625594CCAF}.Debug|Any CPU.ActiveCfg = Debug|Any CPU
		{63E81EC7-6A4F-408F-BBB8-27625594CCAF}.Debug|Any CPU.Build.0 = Debug|Any CPU
		{63E81EC7-6A4F-408F-BBB8-27625594CCAF}.Debug|ARM.ActiveCfg = Debug|Any CPU
		{63E81EC7-6A4F-408F-BBB8-27625594CCAF}.Debug|ARM.Build.0 = Debug|Any CPU
		{63E81EC7-6A4F-408F-BBB8-27625594CCAF}.Debug|iPhone.ActiveCfg = Debug|Any CPU
		{63E81EC7-6A4F-408F-BBB8-27625594CCAF}.Debug|iPhone.Build.0 = Debug|Any CPU
		{63E81EC7-6A4F-408F-BBB8-27625594CCAF}.Debug|iPhoneSimulator.ActiveCfg = Debug|Any CPU
		{63E81EC7-6A4F-408F-BBB8-27625594CCAF}.Debug|iPhoneSimulator.Build.0 = Debug|Any CPU
		{63E81EC7-6A4F-408F-BBB8-27625594CCAF}.Debug|x64.ActiveCfg = Debug|Any CPU
		{63E81EC7-6A4F-408F-BBB8-27625594CCAF}.Debug|x64.Build.0 = Debug|Any CPU
		{63E81EC7-6A4F-408F-BBB8-27625594CCAF}.Debug|x86.ActiveCfg = Debug|Any CPU
		{63E81EC7-6A4F-408F-BBB8-27625594CCAF}.Debug|x86.Build.0 = Debug|Any CPU
		{63E81EC7-6A4F-408F-BBB8-27625594CCAF}.Release|Any CPU.ActiveCfg = Release|Any CPU
		{63E81EC7-6A4F-408F-BBB8-27625594CCAF}.Release|Any CPU.Build.0 = Release|Any CPU
		{63E81EC7-6A4F-408F-BBB8-27625594CCAF}.Release|ARM.ActiveCfg = Release|Any CPU
		{63E81EC7-6A4F-408F-BBB8-27625594CCAF}.Release|ARM.Build.0 = Release|Any CPU
		{63E81EC7-6A4F-408F-BBB8-27625594CCAF}.Release|iPhone.ActiveCfg = Release|Any CPU
		{63E81EC7-6A4F-408F-BBB8-27625594CCAF}.Release|iPhone.Build.0 = Release|Any CPU
		{63E81EC7-6A4F-408F-BBB8-27625594CCAF}.Release|iPhoneSimulator.ActiveCfg = Release|Any CPU
		{63E81EC7-6A4F-408F-BBB8-27625594CCAF}.Release|iPhoneSimulator.Build.0 = Release|Any CPU
		{63E81EC7-6A4F-408F-BBB8-27625594CCAF}.Release|x64.ActiveCfg = Release|Any CPU
		{63E81EC7-6A4F-408F-BBB8-27625594CCAF}.Release|x64.Build.0 = Release|Any CPU
		{63E81EC7-6A4F-408F-BBB8-27625594CCAF}.Release|x86.ActiveCfg = Release|Any CPU
		{63E81EC7-6A4F-408F-BBB8-27625594CCAF}.Release|x86.Build.0 = Release|Any CPU
	EndGlobalSection
	GlobalSection(SolutionProperties) = preSolution
		HideSolutionNode = FALSE
	EndGlobalSection
EndGlobal
